
Microsoft Visual Studio Solution File, Format Version 12.00
# Visual Studio Version 17
VisualStudioVersion = 17.11.35312.102
MinimumVisualStudioVersion = 10.0.40219.1
Project("{9A19103F-16F7-4668-BE54-9A1E7A4F7556}") = "projectmanagement", "projectmanagement\projectmanagement.csproj", "{E8606EB8-5A53-4259-A8C2-601B8A13542D}"
EndProject
Project("{FAE04EC0-301F-11D3-BF4B-00C04F79EFBC}") = "ProjectManagement.Tests", "ProjectManagement.Tests\ProjectManagement.Tests.csproj", "{47F9BAA4-B3FA-44E3-89C1-5B86D0692981}"
EndProject
Global
	GlobalSection(SolutionConfigurationPlatforms) = preSolution
		Debug|Any CPU = Debug|Any CPU
		Release|Any CPU = Release|Any CPU
	EndGlobalSection
	GlobalSection(ProjectConfigurationPlatforms) = postSolution
		{E8606EB8-5A53-4259-A8C2-601B8A13542D}.Debug|Any CPU.ActiveCfg = Debug|Any CPU
		{E8606EB8-5A53-4259-A8C2-601B8A13542D}.Debug|Any CPU.Build.0 = Debug|Any CPU
		{E8606EB8-5A53-4259-A8C2-601B8A13542D}.Release|Any CPU.ActiveCfg = Release|Any CPU
		{E8606EB8-5A53-4259-A8C2-601B8A13542D}.Release|Any CPU.Build.0 = Release|Any CPU
		{47F9BAA4-B3FA-44E3-89C1-5B86D0692981}.Debug|Any CPU.ActiveCfg = Debug|Any CPU
		{47F9BAA4-B3FA-44E3-89C1-5B86D0692981}.Debug|Any CPU.Build.0 = Debug|Any CPU
		{47F9BAA4-B3FA-44E3-89C1-5B86D0692981}.Release|Any CPU.ActiveCfg = Release|Any CPU
		{47F9BAA4-B3FA-44E3-89C1-5B86D0692981}.Release|Any CPU.Build.0 = Release|Any CPU
	EndGlobalSection
	GlobalSection(SolutionProperties) = preSolution
		HideSolutionNode = FALSE
	EndGlobalSection
	GlobalSection(ExtensibilityGlobals) = postSolution
		SolutionGuid = {1293DAB8-9A51-4458-983C-5349D9C765E1}
	EndGlobalSection
EndGlobal
